{
  "object": {
    "pins": [
      {
        "package": "BandikaSwiftBase",
        "repositoryURL": "https://github.com/mr-elbe5/BandikaSwiftBase",
        "state": {
          "branch": null,
          "revision": "206640839ba52ea44876b44019176af20e3f64ff",
          "version": "0.9.4"
        }
      },
      {
        "package": "swift-nio",
        "repositoryURL": "https://github.com/apple/swift-nio",
        "state": {
          "branch": null,
          "revision": "3be4e0980075de10a4bc8dee07491d49175cfd7a",
          "version": "2.27.0"
        }
      }
    ]
  },
  "version": 1
}
