{
  "object": {
    "pins": [
      {
        "package": "BandikaSwiftBase",
        "repositoryURL": "https://github.com/mr-elbe5/BandikaSwiftBase",
        "state": {
          "branch": null,
          "revision": "6edc64117621751589cb0d920c0e4c16d127fa24",
          "version": "1.1.31"
        }
      },
      {
        "package": "swift-crypto",
        "repositoryURL": "https://github.com/apple/swift-crypto",
        "state": {
          "branch": null,
          "revision": "3bea268b223651c4ab7b7b9ad62ef9b2d4143eb6",
          "version": "1.1.6"
        }
      },
      {
        "package": "swift-nio",
        "repositoryURL": "https://github.com/apple/swift-nio",
        "state": {
          "branch": null,
          "revision": "3be4e0980075de10a4bc8dee07491d49175cfd7a",
          "version": "2.27.0"
        }
      },
      {
        "package": "SwiftyDataExtensions",
        "repositoryURL": "https://github.com/mr-elbe5/SwiftyDataExtensions",
        "state": {
          "branch": null,
          "revision": "7ed8d32e305f82a7c323d3b1c5d3a575f159c868",
          "version": "1.0.0"
        }
      },
      {
        "package": "SwiftyHttpServer",
        "repositoryURL": "https://github.com/mr-elbe5/SwiftyHttpServer",
        "state": {
          "branch": null,
          "revision": "34f3f7b7caba04795bf1649aec83da73da0927ff",
          "version": "1.1.19"
        }
      },
      {
        "package": "SwiftyLog",
        "repositoryURL": "https://github.com/mr-elbe5/SwiftyLog",
        "state": {
          "branch": null,
          "revision": "20478a501fa8d80ecdebfd4cf1a8d6b6ebf86f07",
          "version": "1.1.0"
        }
      },
      {
        "package": "SwiftyStringExtensions",
        "repositoryURL": "https://github.com/mr-elbe5/SwiftyStringExtensions",
        "state": {
          "branch": null,
          "revision": "1a5aeec2eb9170d459de689489b43975323e51ba",
          "version": "1.0.8"
        }
      }
    ]
  },
  "version": 1
}
