{
  "object": {
    "pins": [
      {
        "package": "BandikaSwiftBase",
        "repositoryURL": "https://github.com/mr-elbe5/BandikaSwiftBase",
        "state": {
          "branch": null,
          "revision": "2b82754660c4c6659e68b86ab94a9d9dff3c611c",
          "version": "0.9.5"
        }
      },
      {
        "package": "swift-nio",
        "repositoryURL": "https://github.com/apple/swift-nio",
        "state": {
          "branch": null,
          "revision": "3be4e0980075de10a4bc8dee07491d49175cfd7a",
          "version": "2.27.0"
        }
      }
    ]
  },
  "version": 1
}
