// !$*UTF8*$!
{
	archiveVersion = 1;
	classes = {
	};
	objectVersion = 52;
	objects = {

/* Begin PBXBuildFile section */
		3324D179B08217BE5AEFCC76 /* Localizer.swift in Sources */ = {isa = PBXBuildFile; fileRef = 3324D032D909E7C669C3DB4C /* Localizer.swift */; };
		3324D28157EC9A716DD2DE0E /* StringProtocol.swift in Sources */ = {isa = PBXBuildFile; fileRef = 3324DDC78CC970ACAC3A75EF /* StringProtocol.swift */; };
		3324D5CC71B8626916D25F0E /* HtmlFormatter.swift in Sources */ = {isa = PBXBuildFile; fileRef = 3324D97E986A2A98D7832025 /* HtmlFormatter.swift */; };
		4E7FAC8F2610D35100763F99 /* main.swift in Sources */ = {isa = PBXBuildFile; fileRef = 4E7FAC8E2610D35100763F99 /* main.swift */; };
		4E7FAD352610D50700763F99 /* DiskFile.swift in Sources */ = {isa = PBXBuildFile; fileRef = 4E7FACA22610D50600763F99 /* DiskFile.swift */; };
		4E7FAD362610D50700763F99 /* DataContainer.swift in Sources */ = {isa = PBXBuildFile; fileRef = 4E7FACA32610D50600763F99 /* DataContainer.swift */; };
		4E7FAD372610D50700763F99 /* MemoryFile.swift in Sources */ = {isa = PBXBuildFile; fileRef = 4E7FACA42610D50600763F99 /* MemoryFile.swift */; };
		4E7FAD382610D50700763F99 /* Statics.swift in Sources */ = {isa = PBXBuildFile; fileRef = 4E7FACA52610D50600763F99 /* Statics.swift */; };
		4E7FAD392610D50700763F99 /* MimeType.swift in Sources */ = {isa = PBXBuildFile; fileRef = 4E7FACA62610D50600763F99 /* MimeType.swift */; };
		4E7FAD3A2610D50700763F99 /* BaseData.swift in Sources */ = {isa = PBXBuildFile; fileRef = 4E7FACA72610D50600763F99 /* BaseData.swift */; };
		4E7FAD3B2610D50700763F99 /* Clipboard.swift in Sources */ = {isa = PBXBuildFile; fileRef = 4E7FACA82610D50600763F99 /* Clipboard.swift */; };
		4E7FAD3C2610D50700763F99 /* TypedData.swift in Sources */ = {isa = PBXBuildFile; fileRef = 4E7FACA92610D50600763F99 /* TypedData.swift */; };
		4E7FAD3D2610D50700763F99 /* DataFactory.swift in Sources */ = {isa = PBXBuildFile; fileRef = 4E7FACAA2610D50600763F99 /* DataFactory.swift */; };
		4E7FAD3E2610D50700763F99 /* IdService.swift in Sources */ = {isa = PBXBuildFile; fileRef = 4E7FACAB2610D50600763F99 /* IdService.swift */; };
		4E7FAD3F2610D50700763F99 /* Paths.swift in Sources */ = {isa = PBXBuildFile; fileRef = 4E7FACAD2610D50600763F99 /* Paths.swift */; };
		4E7FAD402610D50700763F99 /* AdminController.swift in Sources */ = {isa = PBXBuildFile; fileRef = 4E7FACAE2610D50600763F99 /* AdminController.swift */; };
		4E7FAD422610D50700763F99 /* App.swift in Sources */ = {isa = PBXBuildFile; fileRef = 4E7FACB02610D50600763F99 /* App.swift */; };
		4E7FAD432610D50700763F99 /* Configuration.swift in Sources */ = {isa = PBXBuildFile; fileRef = 4E7FACB12610D50600763F99 /* Configuration.swift */; };
		4E7FAD442610D50700763F99 /* UserSecurity.swift in Sources */ = {isa = PBXBuildFile; fileRef = 4E7FACB32610D50600763F99 /* UserSecurity.swift */; };
		4E7FAD452610D50700763F99 /* GroupController.swift in Sources */ = {isa = PBXBuildFile; fileRef = 4E7FACB42610D50600763F99 /* GroupController.swift */; };
		4E7FAD462610D50700763F99 /* UserContainer.swift in Sources */ = {isa = PBXBuildFile; fileRef = 4E7FACB52610D50600763F99 /* UserContainer.swift */; };
		4E7FAD472610D50700763F99 /* UserData.swift in Sources */ = {isa = PBXBuildFile; fileRef = 4E7FACB62610D50600763F99 /* UserData.swift */; };
		4E7FAD482610D50700763F99 /* Request+User.swift in Sources */ = {isa = PBXBuildFile; fileRef = 4E7FACB72610D50600763F99 /* Request+User.swift */; };
		4E7FAD492610D50700763F99 /* DefaultUserContainer.swift in Sources */ = {isa = PBXBuildFile; fileRef = 4E7FACB82610D50600763F99 /* DefaultUserContainer.swift */; };
		4E7FAD4A2610D50700763F99 /* GroupData.swift in Sources */ = {isa = PBXBuildFile; fileRef = 4E7FACB92610D50600763F99 /* GroupData.swift */; };
		4E7FAD4B2610D50700763F99 /* UserController.swift in Sources */ = {isa = PBXBuildFile; fileRef = 4E7FACBA2610D50600763F99 /* UserController.swift */; };
		4E7FAD4C2610D50700763F99 /* ParseError.swift in Sources */ = {isa = PBXBuildFile; fileRef = 4E7FACBC2610D50700763F99 /* ParseError.swift */; };
		4E7FAD4D2610D50700763F99 /* ServerPage.swift in Sources */ = {isa = PBXBuildFile; fileRef = 4E7FACBD2610D50700763F99 /* ServerPage.swift */; };
		4E7FAD4E2610D50700763F99 /* ServerPageTag.swift in Sources */ = {isa = PBXBuildFile; fileRef = 4E7FACBE2610D50700763F99 /* ServerPageTag.swift */; };
		4E7FAD4F2610D50700763F99 /* ServerPageController.swift in Sources */ = {isa = PBXBuildFile; fileRef = 4E7FACBF2610D50700763F99 /* ServerPageController.swift */; };
		4E7FAD502610D50700763F99 /* ServerPageParser.swift in Sources */ = {isa = PBXBuildFile; fileRef = 4E7FACC02610D50700763F99 /* ServerPageParser.swift */; };
		4E7FAD512610D50700763F99 /* ServerPageCode.swift in Sources */ = {isa = PBXBuildFile; fileRef = 4E7FACC12610D50700763F99 /* ServerPageCode.swift */; };
		4E7FAD522610D50700763F99 /* ServerPageNode.swift in Sources */ = {isa = PBXBuildFile; fileRef = 4E7FACC22610D50700763F99 /* ServerPageNode.swift */; };
		4E7FAD532610D50700763F99 /* PageController.swift in Sources */ = {isa = PBXBuildFile; fileRef = 4E7FACC52610D50700763F99 /* PageController.swift */; };
		4E7FAD542610D50700763F99 /* PageData.swift in Sources */ = {isa = PBXBuildFile; fileRef = 4E7FACC62610D50700763F99 /* PageData.swift */; };
		4E7FAD552610D50700763F99 /* ViewType.swift in Sources */ = {isa = PBXBuildFile; fileRef = 4E7FACC72610D50700763F99 /* ViewType.swift */; };
		4E7FAD562610D50700763F99 /* FileData.swift in Sources */ = {isa = PBXBuildFile; fileRef = 4E7FACC92610D50700763F99 /* FileData.swift */; };
		4E7FAD572610D50700763F99 /* FileController.swift in Sources */ = {isa = PBXBuildFile; fileRef = 4E7FACCA2610D50700763F99 /* FileController.swift */; };
		4E7FAD582610D50700763F99 /* FileType.swift in Sources */ = {isa = PBXBuildFile; fileRef = 4E7FACCB2610D50700763F99 /* FileType.swift */; };
		4E7FAD592610D50700763F99 /* Request+Content.swift in Sources */ = {isa = PBXBuildFile; fileRef = 4E7FACCC2610D50700763F99 /* Request+Content.swift */; };
		4E7FAD5A2610D50700763F99 /* CkEditorController.swift in Sources */ = {isa = PBXBuildFile; fileRef = 4E7FACCD2610D50700763F99 /* CkEditorController.swift */; };
		4E7FAD5B2610D50700763F99 /* ContentController.swift in Sources */ = {isa = PBXBuildFile; fileRef = 4E7FACCE2610D50700763F99 /* ContentController.swift */; };
		4E7FAD5C2610D50700763F99 /* SectionData.swift in Sources */ = {isa = PBXBuildFile; fileRef = 4E7FACD02610D50700763F99 /* SectionData.swift */; };
		4E7FAD5D2610D50700763F99 /* TemplatePartData.swift in Sources */ = {isa = PBXBuildFile; fileRef = 4E7FACD12610D50700763F99 /* TemplatePartData.swift */; };
		4E7FAD5E2610D50700763F99 /* PartField.swift in Sources */ = {isa = PBXBuildFile; fileRef = 4E7FACD22610D50700763F99 /* PartField.swift */; };
		4E7FAD5F2610D50700763F99 /* PartData+Html.swift in Sources */ = {isa = PBXBuildFile; fileRef = 4E7FACD32610D50700763F99 /* PartData+Html.swift */; };
		4E7FAD602610D50700763F99 /* TemplatePageData.swift in Sources */ = {isa = PBXBuildFile; fileRef = 4E7FACD42610D50700763F99 /* TemplatePageData.swift */; };
		4E7FAD612610D50700763F99 /* PartArray.swift in Sources */ = {isa = PBXBuildFile; fileRef = 4E7FACD52610D50700763F99 /* PartArray.swift */; };
		4E7FAD622610D50700763F99 /* FieldDictionary.swift in Sources */ = {isa = PBXBuildFile; fileRef = 4E7FACD62610D50700763F99 /* FieldDictionary.swift */; };
		4E7FAD632610D50700763F99 /* TextField.swift in Sources */ = {isa = PBXBuildFile; fileRef = 4E7FACD72610D50700763F99 /* TextField.swift */; };
		4E7FAD642610D50700763F99 /* TemplatePageController.swift in Sources */ = {isa = PBXBuildFile; fileRef = 4E7FACD82610D50700763F99 /* TemplatePageController.swift */; };
		4E7FAD652610D50700763F99 /* PartData.swift in Sources */ = {isa = PBXBuildFile; fileRef = 4E7FACD92610D50700763F99 /* PartData.swift */; };
		4E7FAD662610D50700763F99 /* PartType.swift in Sources */ = {isa = PBXBuildFile; fileRef = 4E7FACDA2610D50700763F99 /* PartType.swift */; };
		4E7FAD672610D50700763F99 /* HtmlField.swift in Sources */ = {isa = PBXBuildFile; fileRef = 4E7FACDB2610D50700763F99 /* HtmlField.swift */; };
		4E7FAD682610D50700763F99 /* Request+TemplatePage.swift in Sources */ = {isa = PBXBuildFile; fileRef = 4E7FACDC2610D50700763F99 /* Request+TemplatePage.swift */; };
		4E7FAD692610D50700763F99 /* ContentContainer.swift in Sources */ = {isa = PBXBuildFile; fileRef = 4E7FACDD2610D50700763F99 /* ContentContainer.swift */; };
		4E7FAD6A2610D50700763F99 /* FullPageData+Html.swift in Sources */ = {isa = PBXBuildFile; fileRef = 4E7FACDF2610D50700763F99 /* FullPageData+Html.swift */; };
		4E7FAD6B2610D50700763F99 /* FullPageData.swift in Sources */ = {isa = PBXBuildFile; fileRef = 4E7FACE02610D50700763F99 /* FullPageData.swift */; };
		4E7FAD6C2610D50700763F99 /* FullPageController.swift in Sources */ = {isa = PBXBuildFile; fileRef = 4E7FACE12610D50700763F99 /* FullPageController.swift */; };
		4E7FAD6D2610D50700763F99 /* ContentData.swift in Sources */ = {isa = PBXBuildFile; fileRef = 4E7FACE22610D50700763F99 /* ContentData.swift */; };
		4E7FAD6E2610D50700763F99 /* ContentArray.swift in Sources */ = {isa = PBXBuildFile; fileRef = 4E7FACE32610D50700763F99 /* ContentArray.swift */; };
		4E7FAD6F2610D50700763F99 /* StaticFileController.swift in Sources */ = {isa = PBXBuildFile; fileRef = 4E7FACE52610D50700763F99 /* StaticFileController.swift */; };
		4E7FAD702610D50700763F99 /* ForwardResponse.swift in Sources */ = {isa = PBXBuildFile; fileRef = 4E7FACE62610D50700763F99 /* ForwardResponse.swift */; };
		4E7FAD712610D50700763F99 /* Session.swift in Sources */ = {isa = PBXBuildFile; fileRef = 4E7FACE72610D50700763F99 /* Session.swift */; };
		4E7FAD722610D50700763F99 /* SessionCache.swift in Sources */ = {isa = PBXBuildFile; fileRef = 4E7FACE82610D50700763F99 /* SessionCache.swift */; };
		4E7FAD732610D50700763F99 /* HttpHandler.swift in Sources */ = {isa = PBXBuildFile; fileRef = 4E7FACE92610D50700763F99 /* HttpHandler.swift */; };
		4E7FAD742610D50700763F99 /* Request+Multipart.swift in Sources */ = {isa = PBXBuildFile; fileRef = 4E7FACEA2610D50700763F99 /* Request+Multipart.swift */; };
		4E7FAD752610D50700763F99 /* Message.swift in Sources */ = {isa = PBXBuildFile; fileRef = 4E7FACEB2610D50700763F99 /* Message.swift */; };
		4E7FAD762610D50700763F99 /* Controller.swift in Sources */ = {isa = PBXBuildFile; fileRef = 4E7FACEC2610D50700763F99 /* Controller.swift */; };
		4E7FAD772610D50700763F99 /* Request+Handler.swift in Sources */ = {isa = PBXBuildFile; fileRef = 4E7FACED2610D50700763F99 /* Request+Handler.swift */; };
		4E7FAD782610D50700763F99 /* HttpServer.swift in Sources */ = {isa = PBXBuildFile; fileRef = 4E7FACEE2610D50700763F99 /* HttpServer.swift */; };
		4E7FAD792610D50700763F99 /* Response.swift in Sources */ = {isa = PBXBuildFile; fileRef = 4E7FACEF2610D50700763F99 /* Response.swift */; };
		4E7FAD7A2610D50700763F99 /* FormError.swift in Sources */ = {isa = PBXBuildFile; fileRef = 4E7FACF02610D50700763F99 /* FormError.swift */; };
		4E7FAD7B2610D50700763F99 /* Request.swift in Sources */ = {isa = PBXBuildFile; fileRef = 4E7FACF12610D50700763F99 /* Request.swift */; };
		4E7FAD7C2610D50700763F99 /* Router.swift in Sources */ = {isa = PBXBuildFile; fileRef = 4E7FACF22610D50700763F99 /* Router.swift */; };
		4E7FAD7D2610D50700763F99 /* ControllerFactory.swift in Sources */ = {isa = PBXBuildFile; fileRef = 4E7FACF32610D50700763F99 /* ControllerFactory.swift */; };
		4E7FAD7E2610D50700763F99 /* MessageType.swift in Sources */ = {isa = PBXBuildFile; fileRef = 4E7FACF42610D50700763F99 /* MessageType.swift */; };
		4E7FAD7F2610D50700763F99 /* CloseDialogResponse.swift in Sources */ = {isa = PBXBuildFile; fileRef = 4E7FACF52610D50700763F99 /* CloseDialogResponse.swift */; };
		4E7FAD802610D50700763F99 /* TemplateController.swift in Sources */ = {isa = PBXBuildFile; fileRef = 4E7FACFA2610D50700763F99 /* TemplateController.swift */; };
		4E7FAD812610D50700763F99 /* TemplateCache.swift in Sources */ = {isa = PBXBuildFile; fileRef = 4E7FACFB2610D50700763F99 /* TemplateCache.swift */; };
		4E7FAD822610D50700763F99 /* TemplateType.swift in Sources */ = {isa = PBXBuildFile; fileRef = 4E7FACFC2610D50700763F99 /* TemplateType.swift */; };
		4E7FAD832610D50700763F99 /* DefaultTemplates.swift in Sources */ = {isa = PBXBuildFile; fileRef = 4E7FACFD2610D50700763F99 /* DefaultTemplates.swift */; };
		4E7FAD842610D50700763F99 /* Template.swift in Sources */ = {isa = PBXBuildFile; fileRef = 4E7FACFE2610D50700763F99 /* Template.swift */; };
		4E7FAD852610D50700763F99 /* FormLineTag.swift in Sources */ = {isa = PBXBuildFile; fileRef = 4E7FAD032610D50700763F99 /* FormLineTag.swift */; };
		4E7FAD862610D50700763F99 /* FormEditorTag.swift in Sources */ = {isa = PBXBuildFile; fileRef = 4E7FAD042610D50700763F99 /* FormEditorTag.swift */; };
		4E7FAD872610D50700763F99 /* SectionTag.swift in Sources */ = {isa = PBXBuildFile; fileRef = 4E7FAD052610D50700763F99 /* SectionTag.swift */; };
		4E7FAD882610D50700763F99 /* FormDateTag.swift in Sources */ = {isa = PBXBuildFile; fileRef = 4E7FAD062610D50700763F99 /* FormDateTag.swift */; };
		4E7FAD892610D50700763F99 /* MessageTag.swift in Sources */ = {isa = PBXBuildFile; fileRef = 4E7FAD072610D50700763F99 /* MessageTag.swift */; };
		4E7FAD8A2610D50700763F99 /* MainNavTag.swift in Sources */ = {isa = PBXBuildFile; fileRef = 4E7FAD082610D50700763F99 /* MainNavTag.swift */; };
		4E7FAD8B2610D50700763F99 /* IfTag.swift in Sources */ = {isa = PBXBuildFile; fileRef = 4E7FAD092610D50700763F99 /* IfTag.swift */; };
		4E7FAD8C2610D50700763F99 /* FormSelectTag.swift in Sources */ = {isa = PBXBuildFile; fileRef = 4E7FAD0A2610D50700763F99 /* FormSelectTag.swift */; };
		4E7FAD8D2610D50700763F99 /* FormRadioTag.swift in Sources */ = {isa = PBXBuildFile; fileRef = 4E7FAD0B2610D50700763F99 /* FormRadioTag.swift */; };
		4E7FAD8E2610D50700763F99 /* FormPasswordTag.swift in Sources */ = {isa = PBXBuildFile; fileRef = 4E7FAD0C2610D50700763F99 /* FormPasswordTag.swift */; };
		4E7FAD8F2610D50700763F99 /* FooterTag.swift in Sources */ = {isa = PBXBuildFile; fileRef = 4E7FAD0D2610D50700763F99 /* FooterTag.swift */; };
		4E7FAD902610D50700763F99 /* FormErrorTag.swift in Sources */ = {isa = PBXBuildFile; fileRef = 4E7FAD0E2610D50700763F99 /* FormErrorTag.swift */; };
		4E7FAD912610D50700763F99 /* UserListTag.swift in Sources */ = {isa = PBXBuildFile; fileRef = 4E7FAD0F2610D50700763F99 /* UserListTag.swift */; };
		4E7FAD922610D50700763F99 /* TextFieldTag.swift in Sources */ = {isa = PBXBuildFile; fileRef = 4E7FAD102610D50700763F99 /* TextFieldTag.swift */; };
		4E7FAD932610D50700763F99 /* SysNavTag.swift in Sources */ = {isa = PBXBuildFile; fileRef = 4E7FAD112610D50700763F99 /* SysNavTag.swift */; };
		4E7FAD942610D50700763F99 /* FormTextTag.swift in Sources */ = {isa = PBXBuildFile; fileRef = 4E7FAD122610D50700763F99 /* FormTextTag.swift */; };
		4E7FAD952610D50700763F99 /* BreadcrumbTag.swift in Sources */ = {isa = PBXBuildFile; fileRef = 4E7FAD132610D50700763F99 /* BreadcrumbTag.swift */; };
		4E7FAD962610D50700763F99 /* FormTextAreaTag.swift in Sources */ = {isa = PBXBuildFile; fileRef = 4E7FAD142610D50700763F99 /* FormTextAreaTag.swift */; };
		4E7FAD972610D50700763F99 /* ContentTag.swift in Sources */ = {isa = PBXBuildFile; fileRef = 4E7FAD152610D50700763F99 /* ContentTag.swift */; };
		4E7FAD982610D50700763F99 /* ContentTreeTag.swift in Sources */ = {isa = PBXBuildFile; fileRef = 4E7FAD162610D50700763F99 /* ContentTreeTag.swift */; };
		4E7FAD992610D50700763F99 /* GroupListTag.swift in Sources */ = {isa = PBXBuildFile; fileRef = 4E7FAD172610D50700763F99 /* GroupListTag.swift */; };
		4E7FAD9A2610D50700763F99 /* HtmlFieldTag.swift in Sources */ = {isa = PBXBuildFile; fileRef = 4E7FAD182610D50700763F99 /* HtmlFieldTag.swift */; };
		4E7FAD9B2610D50700763F99 /* CkTreeTag.swift in Sources */ = {isa = PBXBuildFile; fileRef = 4E7FAD192610D50700763F99 /* CkTreeTag.swift */; };
		4E7FAD9C2610D50700763F99 /* IncludeTag.swift in Sources */ = {isa = PBXBuildFile; fileRef = 4E7FAD1A2610D50700763F99 /* IncludeTag.swift */; };
		4E7FAD9D2610D50700763F99 /* TagType.swift in Sources */ = {isa = PBXBuildFile; fileRef = 4E7FAD1B2610D50700763F99 /* TagType.swift */; };
		4E7FAD9E2610D50700763F99 /* FormTag.swift in Sources */ = {isa = PBXBuildFile; fileRef = 4E7FAD1C2610D50700763F99 /* FormTag.swift */; };
		4E7FAD9F2610D50700763F99 /* FormFileTag.swift in Sources */ = {isa = PBXBuildFile; fileRef = 4E7FAD1D2610D50700763F99 /* FormFileTag.swift */; };
		4E7FADA02610D50700763F99 /* FormCheckTag.swift in Sources */ = {isa = PBXBuildFile; fileRef = 4E7FAD1E2610D50700763F99 /* FormCheckTag.swift */; };
		4E7FADA12610D50700763F99 /* Date.swift in Sources */ = {isa = PBXBuildFile; fileRef = 4E7FAD202610D50700763F99 /* Date.swift */; };
		4E7FADA22610D50700763F99 /* Array.swift in Sources */ = {isa = PBXBuildFile; fileRef = 4E7FAD212610D50700763F99 /* Array.swift */; };
		4E7FADA32610D50700763F99 /* Log.swift in Sources */ = {isa = PBXBuildFile; fileRef = 4E7FAD222610D50700763F99 /* Log.swift */; };
		4E7FADA42610D50700763F99 /* Files.swift in Sources */ = {isa = PBXBuildFile; fileRef = 4E7FAD232610D50700763F99 /* Files.swift */; };
		4E7FADA62610D50700763F99 /* LogLevel.swift in Sources */ = {isa = PBXBuildFile; fileRef = 4E7FAD252610D50700763F99 /* LogLevel.swift */; };
		4E7FADA82610D50700763F99 /* Codable.swift in Sources */ = {isa = PBXBuildFile; fileRef = 4E7FAD272610D50700763F99 /* Codable.swift */; };
		4E7FADA92610D50700763F99 /* NSImage.swift in Sources */ = {isa = PBXBuildFile; fileRef = 4E7FAD282610D50700763F99 /* NSImage.swift */; };
		4E7FADAA2610D50700763F99 /* Dictionary.swift in Sources */ = {isa = PBXBuildFile; fileRef = 4E7FAD292610D50700763F99 /* Dictionary.swift */; };
		4E7FADAB2610D50700763F99 /* String.swift in Sources */ = {isa = PBXBuildFile; fileRef = 4E7FAD2A2610D50700763F99 /* String.swift */; };
		4E7FADAC2610D50700763F99 /* MimeTypes.swift in Sources */ = {isa = PBXBuildFile; fileRef = 4E7FAD2B2610D50700763F99 /* MimeTypes.swift */; };
		4E7FADAD2610D50700763F99 /* Right.swift in Sources */ = {isa = PBXBuildFile; fileRef = 4E7FAD2D2610D50700763F99 /* Right.swift */; };
		4E7FADAE2610D50700763F99 /* SystemZone.swift in Sources */ = {isa = PBXBuildFile; fileRef = 4E7FAD2E2610D50700763F99 /* SystemZone.swift */; };
		4E7FADAF2610D50700763F99 /* RegularAction.swift in Sources */ = {isa = PBXBuildFile; fileRef = 4E7FAD302610D50700763F99 /* RegularAction.swift */; };
		4E7FADB02610D50700763F99 /* ActionQueue.swift in Sources */ = {isa = PBXBuildFile; fileRef = 4E7FAD312610D50700763F99 /* ActionQueue.swift */; };
		4E7FADB12610D50700763F99 /* CleanupAction.swift in Sources */ = {isa = PBXBuildFile; fileRef = 4E7FAD322610D50700763F99 /* CleanupAction.swift */; };
		4E7FADB22610D50700763F99 /* CheckDataAction.swift in Sources */ = {isa = PBXBuildFile; fileRef = 4E7FAD332610D50700763F99 /* CheckDataAction.swift */; };
		4E7FADB32610D50700763F99 /* QueuedAction.swift in Sources */ = {isa = PBXBuildFile; fileRef = 4E7FAD342610D50700763F99 /* QueuedAction.swift */; };
/* End PBXBuildFile section */

/* Begin PBXCopyFilesBuildPhase section */
		4E7FAC892610D35100763F99 /* CopyFiles */ = {
			isa = PBXCopyFilesBuildPhase;
			buildActionMask = 2147483647;
			dstPath = /usr/share/man/man1/;
			dstSubfolderSpec = 0;
			files = (
			);
			runOnlyForDeploymentPostprocessing = 1;
		};
/* End PBXCopyFilesBuildPhase section */

/* Begin PBXFileReference section */
		3324D032D909E7C669C3DB4C /* Localizer.swift */ = {isa = PBXFileReference; fileEncoding = 4; lastKnownFileType = sourcecode.swift; path = Localizer.swift; sourceTree = "<group>"; };
		3324D97E986A2A98D7832025 /* HtmlFormatter.swift */ = {isa = PBXFileReference; fileEncoding = 4; lastKnownFileType = sourcecode.swift; path = HtmlFormatter.swift; sourceTree = "<group>"; };
		3324DDC78CC970ACAC3A75EF /* StringProtocol.swift */ = {isa = PBXFileReference; fileEncoding = 4; lastKnownFileType = sourcecode.swift; path = StringProtocol.swift; sourceTree = "<group>"; };
		4E7FAC8B2610D35100763F99 /* SwiftyBandikaCL */ = {isa = PBXFileReference; explicitFileType = "compiled.mach-o.executable"; includeInIndex = 0; path = SwiftyBandikaCL; sourceTree = BUILT_PRODUCTS_DIR; };
		4E7FAC8E2610D35100763F99 /* main.swift */ = {isa = PBXFileReference; lastKnownFileType = sourcecode.swift; path = main.swift; sourceTree = "<group>"; };
		4E7FAC9C2610D4C800763F99 /* web */ = {isa = PBXFileReference; lastKnownFileType = folder; path = web; sourceTree = "<group>"; };
		4E7FAC9D2610D4C900763F99 /* serverPages */ = {isa = PBXFileReference; lastKnownFileType = folder; path = serverPages; sourceTree = "<group>"; };
		4E7FAC9E2610D4C900763F99 /* defaultContent */ = {isa = PBXFileReference; lastKnownFileType = folder; path = defaultContent; sourceTree = "<group>"; };
		4E7FAC9F2610D4C900763F99 /* defaultTemplates */ = {isa = PBXFileReference; lastKnownFileType = folder; path = defaultTemplates; sourceTree = "<group>"; };
		4E7FACA02610D4C900763F99 /* defaultLayout */ = {isa = PBXFileReference; lastKnownFileType = folder; path = defaultLayout; sourceTree = "<group>"; };
		4E7FACA22610D50600763F99 /* DiskFile.swift */ = {isa = PBXFileReference; fileEncoding = 4; lastKnownFileType = sourcecode.swift; path = DiskFile.swift; sourceTree = "<group>"; };
		4E7FACA32610D50600763F99 /* DataContainer.swift */ = {isa = PBXFileReference; fileEncoding = 4; lastKnownFileType = sourcecode.swift; path = DataContainer.swift; sourceTree = "<group>"; };
		4E7FACA42610D50600763F99 /* MemoryFile.swift */ = {isa = PBXFileReference; fileEncoding = 4; lastKnownFileType = sourcecode.swift; path = MemoryFile.swift; sourceTree = "<group>"; };
		4E7FACA52610D50600763F99 /* Statics.swift */ = {isa = PBXFileReference; fileEncoding = 4; lastKnownFileType = sourcecode.swift; path = Statics.swift; sourceTree = "<group>"; };
		4E7FACA62610D50600763F99 /* MimeType.swift */ = {isa = PBXFileReference; fileEncoding = 4; lastKnownFileType = sourcecode.swift; path = MimeType.swift; sourceTree = "<group>"; };
		4E7FACA72610D50600763F99 /* BaseData.swift */ = {isa = PBXFileReference; fileEncoding = 4; lastKnownFileType = sourcecode.swift; path = BaseData.swift; sourceTree = "<group>"; };
		4E7FACA82610D50600763F99 /* Clipboard.swift */ = {isa = PBXFileReference; fileEncoding = 4; lastKnownFileType = sourcecode.swift; path = Clipboard.swift; sourceTree = "<group>"; };
		4E7FACA92610D50600763F99 /* TypedData.swift */ = {isa = PBXFileReference; fileEncoding = 4; lastKnownFileType = sourcecode.swift; path = TypedData.swift; sourceTree = "<group>"; };
		4E7FACAA2610D50600763F99 /* DataFactory.swift */ = {isa = PBXFileReference; fileEncoding = 4; lastKnownFileType = sourcecode.swift; path = DataFactory.swift; sourceTree = "<group>"; };
		4E7FACAB2610D50600763F99 /* IdService.swift */ = {isa = PBXFileReference; fileEncoding = 4; lastKnownFileType = sourcecode.swift; path = IdService.swift; sourceTree = "<group>"; };
		4E7FACAD2610D50600763F99 /* Paths.swift */ = {isa = PBXFileReference; fileEncoding = 4; lastKnownFileType = sourcecode.swift; path = Paths.swift; sourceTree = "<group>"; };
		4E7FACAE2610D50600763F99 /* AdminController.swift */ = {isa = PBXFileReference; fileEncoding = 4; lastKnownFileType = sourcecode.swift; path = AdminController.swift; sourceTree = "<group>"; };
		4E7FACB02610D50600763F99 /* App.swift */ = {isa = PBXFileReference; fileEncoding = 4; lastKnownFileType = sourcecode.swift; path = App.swift; sourceTree = "<group>"; };
		4E7FACB12610D50600763F99 /* Configuration.swift */ = {isa = PBXFileReference; fileEncoding = 4; lastKnownFileType = sourcecode.swift; path = Configuration.swift; sourceTree = "<group>"; };
		4E7FACB32610D50600763F99 /* UserSecurity.swift */ = {isa = PBXFileReference; fileEncoding = 4; lastKnownFileType = sourcecode.swift; path = UserSecurity.swift; sourceTree = "<group>"; };
		4E7FACB42610D50600763F99 /* GroupController.swift */ = {isa = PBXFileReference; fileEncoding = 4; lastKnownFileType = sourcecode.swift; path = GroupController.swift; sourceTree = "<group>"; };
		4E7FACB52610D50600763F99 /* UserContainer.swift */ = {isa = PBXFileReference; fileEncoding = 4; lastKnownFileType = sourcecode.swift; path = UserContainer.swift; sourceTree = "<group>"; };
		4E7FACB62610D50600763F99 /* UserData.swift */ = {isa = PBXFileReference; fileEncoding = 4; lastKnownFileType = sourcecode.swift; path = UserData.swift; sourceTree = "<group>"; };
		4E7FACB72610D50600763F99 /* Request+User.swift */ = {isa = PBXFileReference; fileEncoding = 4; lastKnownFileType = sourcecode.swift; path = "Request+User.swift"; sourceTree = "<group>"; };
		4E7FACB82610D50600763F99 /* DefaultUserContainer.swift */ = {isa = PBXFileReference; fileEncoding = 4; lastKnownFileType = sourcecode.swift; path = DefaultUserContainer.swift; sourceTree = "<group>"; };
		4E7FACB92610D50600763F99 /* GroupData.swift */ = {isa = PBXFileReference; fileEncoding = 4; lastKnownFileType = sourcecode.swift; path = GroupData.swift; sourceTree = "<group>"; };
		4E7FACBA2610D50600763F99 /* UserController.swift */ = {isa = PBXFileReference; fileEncoding = 4; lastKnownFileType = sourcecode.swift; path = UserController.swift; sourceTree = "<group>"; };
		4E7FACBC2610D50700763F99 /* ParseError.swift */ = {isa = PBXFileReference; fileEncoding = 4; lastKnownFileType = sourcecode.swift; path = ParseError.swift; sourceTree = "<group>"; };
		4E7FACBD2610D50700763F99 /* ServerPage.swift */ = {isa = PBXFileReference; fileEncoding = 4; lastKnownFileType = sourcecode.swift; path = ServerPage.swift; sourceTree = "<group>"; };
		4E7FACBE2610D50700763F99 /* ServerPageTag.swift */ = {isa = PBXFileReference; fileEncoding = 4; lastKnownFileType = sourcecode.swift; path = ServerPageTag.swift; sourceTree = "<group>"; };
		4E7FACBF2610D50700763F99 /* ServerPageController.swift */ = {isa = PBXFileReference; fileEncoding = 4; lastKnownFileType = sourcecode.swift; path = ServerPageController.swift; sourceTree = "<group>"; };
		4E7FACC02610D50700763F99 /* ServerPageParser.swift */ = {isa = PBXFileReference; fileEncoding = 4; lastKnownFileType = sourcecode.swift; path = ServerPageParser.swift; sourceTree = "<group>"; };
		4E7FACC12610D50700763F99 /* ServerPageCode.swift */ = {isa = PBXFileReference; fileEncoding = 4; lastKnownFileType = sourcecode.swift; path = ServerPageCode.swift; sourceTree = "<group>"; };
		4E7FACC22610D50700763F99 /* ServerPageNode.swift */ = {isa = PBXFileReference; fileEncoding = 4; lastKnownFileType = sourcecode.swift; path = ServerPageNode.swift; sourceTree = "<group>"; };
		4E7FACC52610D50700763F99 /* PageController.swift */ = {isa = PBXFileReference; fileEncoding = 4; lastKnownFileType = sourcecode.swift; path = PageController.swift; sourceTree = "<group>"; };
		4E7FACC62610D50700763F99 /* PageData.swift */ = {isa = PBXFileReference; fileEncoding = 4; lastKnownFileType = sourcecode.swift; path = PageData.swift; sourceTree = "<group>"; };
		4E7FACC72610D50700763F99 /* ViewType.swift */ = {isa = PBXFileReference; fileEncoding = 4; lastKnownFileType = sourcecode.swift; path = ViewType.swift; sourceTree = "<group>"; };
		4E7FACC92610D50700763F99 /* FileData.swift */ = {isa = PBXFileReference; fileEncoding = 4; lastKnownFileType = sourcecode.swift; path = FileData.swift; sourceTree = "<group>"; };
		4E7FACCA2610D50700763F99 /* FileController.swift */ = {isa = PBXFileReference; fileEncoding = 4; lastKnownFileType = sourcecode.swift; path = FileController.swift; sourceTree = "<group>"; };
		4E7FACCB2610D50700763F99 /* FileType.swift */ = {isa = PBXFileReference; fileEncoding = 4; lastKnownFileType = sourcecode.swift; path = FileType.swift; sourceTree = "<group>"; };
		4E7FACCC2610D50700763F99 /* Request+Content.swift */ = {isa = PBXFileReference; fileEncoding = 4; lastKnownFileType = sourcecode.swift; path = "Request+Content.swift"; sourceTree = "<group>"; };
		4E7FACCD2610D50700763F99 /* CkEditorController.swift */ = {isa = PBXFileReference; fileEncoding = 4; lastKnownFileType = sourcecode.swift; path = CkEditorController.swift; sourceTree = "<group>"; };
		4E7FACCE2610D50700763F99 /* ContentController.swift */ = {isa = PBXFileReference; fileEncoding = 4; lastKnownFileType = sourcecode.swift; path = ContentController.swift; sourceTree = "<group>"; };
		4E7FACD02610D50700763F99 /* SectionData.swift */ = {isa = PBXFileReference; fileEncoding = 4; lastKnownFileType = sourcecode.swift; path = SectionData.swift; sourceTree = "<group>"; };
		4E7FACD12610D50700763F99 /* TemplatePartData.swift */ = {isa = PBXFileReference; fileEncoding = 4; lastKnownFileType = sourcecode.swift; path = TemplatePartData.swift; sourceTree = "<group>"; };
		4E7FACD22610D50700763F99 /* PartField.swift */ = {isa = PBXFileReference; fileEncoding = 4; lastKnownFileType = sourcecode.swift; path = PartField.swift; sourceTree = "<group>"; };
		4E7FACD32610D50700763F99 /* PartData+Html.swift */ = {isa = PBXFileReference; fileEncoding = 4; lastKnownFileType = sourcecode.swift; path = "PartData+Html.swift"; sourceTree = "<group>"; };
		4E7FACD42610D50700763F99 /* TemplatePageData.swift */ = {isa = PBXFileReference; fileEncoding = 4; lastKnownFileType = sourcecode.swift; path = TemplatePageData.swift; sourceTree = "<group>"; };
		4E7FACD52610D50700763F99 /* PartArray.swift */ = {isa = PBXFileReference; fileEncoding = 4; lastKnownFileType = sourcecode.swift; path = PartArray.swift; sourceTree = "<group>"; };
		4E7FACD62610D50700763F99 /* FieldDictionary.swift */ = {isa = PBXFileReference; fileEncoding = 4; lastKnownFileType = sourcecode.swift; path = FieldDictionary.swift; sourceTree = "<group>"; };
		4E7FACD72610D50700763F99 /* TextField.swift */ = {isa = PBXFileReference; fileEncoding = 4; lastKnownFileType = sourcecode.swift; path = TextField.swift; sourceTree = "<group>"; };
		4E7FACD82610D50700763F99 /* TemplatePageController.swift */ = {isa = PBXFileReference; fileEncoding = 4; lastKnownFileType = sourcecode.swift; path = TemplatePageController.swift; sourceTree = "<group>"; };
		4E7FACD92610D50700763F99 /* PartData.swift */ = {isa = PBXFileReference; fileEncoding = 4; lastKnownFileType = sourcecode.swift; path = PartData.swift; sourceTree = "<group>"; };
		4E7FACDA2610D50700763F99 /* PartType.swift */ = {isa = PBXFileReference; fileEncoding = 4; lastKnownFileType = sourcecode.swift; path = PartType.swift; sourceTree = "<group>"; };
		4E7FACDB2610D50700763F99 /* HtmlField.swift */ = {isa = PBXFileReference; fileEncoding = 4; lastKnownFileType = sourcecode.swift; path = HtmlField.swift; sourceTree = "<group>"; };
		4E7FACDC2610D50700763F99 /* Request+TemplatePage.swift */ = {isa = PBXFileReference; fileEncoding = 4; lastKnownFileType = sourcecode.swift; path = "Request+TemplatePage.swift"; sourceTree = "<group>"; };
		4E7FACDD2610D50700763F99 /* ContentContainer.swift */ = {isa = PBXFileReference; fileEncoding = 4; lastKnownFileType = sourcecode.swift; path = ContentContainer.swift; sourceTree = "<group>"; };
		4E7FACDF2610D50700763F99 /* FullPageData+Html.swift */ = {isa = PBXFileReference; fileEncoding = 4; lastKnownFileType = sourcecode.swift; path = "FullPageData+Html.swift"; sourceTree = "<group>"; };
		4E7FACE02610D50700763F99 /* FullPageData.swift */ = {isa = PBXFileReference; fileEncoding = 4; lastKnownFileType = sourcecode.swift; path = FullPageData.swift; sourceTree = "<group>"; };
		4E7FACE12610D50700763F99 /* FullPageController.swift */ = {isa = PBXFileReference; fileEncoding = 4; lastKnownFileType = sourcecode.swift; path = FullPageController.swift; sourceTree = "<group>"; };
		4E7FACE22610D50700763F99 /* ContentData.swift */ = {isa = PBXFileReference; fileEncoding = 4; lastKnownFileType = sourcecode.swift; path = ContentData.swift; sourceTree = "<group>"; };
		4E7FACE32610D50700763F99 /* ContentArray.swift */ = {isa = PBXFileReference; fileEncoding = 4; lastKnownFileType = sourcecode.swift; path = ContentArray.swift; sourceTree = "<group>"; };
		4E7FACE52610D50700763F99 /* StaticFileController.swift */ = {isa = PBXFileReference; fileEncoding = 4; lastKnownFileType = sourcecode.swift; path = StaticFileController.swift; sourceTree = "<group>"; };
		4E7FACE62610D50700763F99 /* ForwardResponse.swift */ = {isa = PBXFileReference; fileEncoding = 4; lastKnownFileType = sourcecode.swift; path = ForwardResponse.swift; sourceTree = "<group>"; };
		4E7FACE72610D50700763F99 /* Session.swift */ = {isa = PBXFileReference; fileEncoding = 4; lastKnownFileType = sourcecode.swift; path = Session.swift; sourceTree = "<group>"; };
		4E7FACE82610D50700763F99 /* SessionCache.swift */ = {isa = PBXFileReference; fileEncoding = 4; lastKnownFileType = sourcecode.swift; path = SessionCache.swift; sourceTree = "<group>"; };
		4E7FACE92610D50700763F99 /* HttpHandler.swift */ = {isa = PBXFileReference; fileEncoding = 4; lastKnownFileType = sourcecode.swift; path = HttpHandler.swift; sourceTree = "<group>"; };
		4E7FACEA2610D50700763F99 /* Request+Multipart.swift */ = {isa = PBXFileReference; fileEncoding = 4; lastKnownFileType = sourcecode.swift; path = "Request+Multipart.swift"; sourceTree = "<group>"; };
		4E7FACEB2610D50700763F99 /* Message.swift */ = {isa = PBXFileReference; fileEncoding = 4; lastKnownFileType = sourcecode.swift; path = Message.swift; sourceTree = "<group>"; };
		4E7FACEC2610D50700763F99 /* Controller.swift */ = {isa = PBXFileReference; fileEncoding = 4; lastKnownFileType = sourcecode.swift; path = Controller.swift; sourceTree = "<group>"; };
		4E7FACED2610D50700763F99 /* Request+Handler.swift */ = {isa = PBXFileReference; fileEncoding = 4; lastKnownFileType = sourcecode.swift; path = "Request+Handler.swift"; sourceTree = "<group>"; };
		4E7FACEE2610D50700763F99 /* HttpServer.swift */ = {isa = PBXFileReference; fileEncoding = 4; lastKnownFileType = sourcecode.swift; path = HttpServer.swift; sourceTree = "<group>"; };
		4E7FACEF2610D50700763F99 /* Response.swift */ = {isa = PBXFileReference; fileEncoding = 4; lastKnownFileType = sourcecode.swift; path = Response.swift; sourceTree = "<group>"; };
		4E7FACF02610D50700763F99 /* FormError.swift */ = {isa = PBXFileReference; fileEncoding = 4; lastKnownFileType = sourcecode.swift; path = FormError.swift; sourceTree = "<group>"; };
		4E7FACF12610D50700763F99 /* Request.swift */ = {isa = PBXFileReference; fileEncoding = 4; lastKnownFileType = sourcecode.swift; path = Request.swift; sourceTree = "<group>"; };
		4E7FACF22610D50700763F99 /* Router.swift */ = {isa = PBXFileReference; fileEncoding = 4; lastKnownFileType = sourcecode.swift; path = Router.swift; sourceTree = "<group>"; };
		4E7FACF32610D50700763F99 /* ControllerFactory.swift */ = {isa = PBXFileReference; fileEncoding = 4; lastKnownFileType = sourcecode.swift; path = ControllerFactory.swift; sourceTree = "<group>"; };
		4E7FACF42610D50700763F99 /* MessageType.swift */ = {isa = PBXFileReference; fileEncoding = 4; lastKnownFileType = sourcecode.swift; path = MessageType.swift; sourceTree = "<group>"; };
		4E7FACF52610D50700763F99 /* CloseDialogResponse.swift */ = {isa = PBXFileReference; fileEncoding = 4; lastKnownFileType = sourcecode.swift; path = CloseDialogResponse.swift; sourceTree = "<group>"; };
		4E7FACF82610D50700763F99 /* en */ = {isa = PBXFileReference; lastKnownFileType = text.plist.strings; name = en; path = Localizable.strings; sourceTree = "<group>"; };
		4E7FACFA2610D50700763F99 /* TemplateController.swift */ = {isa = PBXFileReference; fileEncoding = 4; lastKnownFileType = sourcecode.swift; path = TemplateController.swift; sourceTree = "<group>"; };
		4E7FACFB2610D50700763F99 /* TemplateCache.swift */ = {isa = PBXFileReference; fileEncoding = 4; lastKnownFileType = sourcecode.swift; path = TemplateCache.swift; sourceTree = "<group>"; };
		4E7FACFC2610D50700763F99 /* TemplateType.swift */ = {isa = PBXFileReference; fileEncoding = 4; lastKnownFileType = sourcecode.swift; path = TemplateType.swift; sourceTree = "<group>"; };
		4E7FACFD2610D50700763F99 /* DefaultTemplates.swift */ = {isa = PBXFileReference; fileEncoding = 4; lastKnownFileType = sourcecode.swift; path = DefaultTemplates.swift; sourceTree = "<group>"; };
		4E7FACFE2610D50700763F99 /* Template.swift */ = {isa = PBXFileReference; fileEncoding = 4; lastKnownFileType = sourcecode.swift; path = Template.swift; sourceTree = "<group>"; };
		4E7FAD012610D50700763F99 /* de */ = {isa = PBXFileReference; lastKnownFileType = text.plist.strings; name = de; path = Localizable.strings; sourceTree = "<group>"; };
		4E7FAD032610D50700763F99 /* FormLineTag.swift */ = {isa = PBXFileReference; fileEncoding = 4; lastKnownFileType = sourcecode.swift; path = FormLineTag.swift; sourceTree = "<group>"; };
		4E7FAD042610D50700763F99 /* FormEditorTag.swift */ = {isa = PBXFileReference; fileEncoding = 4; lastKnownFileType = sourcecode.swift; path = FormEditorTag.swift; sourceTree = "<group>"; };
		4E7FAD052610D50700763F99 /* SectionTag.swift */ = {isa = PBXFileReference; fileEncoding = 4; lastKnownFileType = sourcecode.swift; path = SectionTag.swift; sourceTree = "<group>"; };
		4E7FAD062610D50700763F99 /* FormDateTag.swift */ = {isa = PBXFileReference; fileEncoding = 4; lastKnownFileType = sourcecode.swift; path = FormDateTag.swift; sourceTree = "<group>"; };
		4E7FAD072610D50700763F99 /* MessageTag.swift */ = {isa = PBXFileReference; fileEncoding = 4; lastKnownFileType = sourcecode.swift; path = MessageTag.swift; sourceTree = "<group>"; };
		4E7FAD082610D50700763F99 /* MainNavTag.swift */ = {isa = PBXFileReference; fileEncoding = 4; lastKnownFileType = sourcecode.swift; path = MainNavTag.swift; sourceTree = "<group>"; };
		4E7FAD092610D50700763F99 /* IfTag.swift */ = {isa = PBXFileReference; fileEncoding = 4; lastKnownFileType = sourcecode.swift; path = IfTag.swift; sourceTree = "<group>"; };
		4E7FAD0A2610D50700763F99 /* FormSelectTag.swift */ = {isa = PBXFileReference; fileEncoding = 4; lastKnownFileType = sourcecode.swift; path = FormSelectTag.swift; sourceTree = "<group>"; };
		4E7FAD0B2610D50700763F99 /* FormRadioTag.swift */ = {isa = PBXFileReference; fileEncoding = 4; lastKnownFileType = sourcecode.swift; path = FormRadioTag.swift; sourceTree = "<group>"; };
		4E7FAD0C2610D50700763F99 /* FormPasswordTag.swift */ = {isa = PBXFileReference; fileEncoding = 4; lastKnownFileType = sourcecode.swift; path = FormPasswordTag.swift; sourceTree = "<group>"; };
		4E7FAD0D2610D50700763F99 /* FooterTag.swift */ = {isa = PBXFileReference; fileEncoding = 4; lastKnownFileType = sourcecode.swift; path = FooterTag.swift; sourceTree = "<group>"; };
		4E7FAD0E2610D50700763F99 /* FormErrorTag.swift */ = {isa = PBXFileReference; fileEncoding = 4; lastKnownFileType = sourcecode.swift; path = FormErrorTag.swift; sourceTree = "<group>"; };
		4E7FAD0F2610D50700763F99 /* UserListTag.swift */ = {isa = PBXFileReference; fileEncoding = 4; lastKnownFileType = sourcecode.swift; path = UserListTag.swift; sourceTree = "<group>"; };
		4E7FAD102610D50700763F99 /* TextFieldTag.swift */ = {isa = PBXFileReference; fileEncoding = 4; lastKnownFileType = sourcecode.swift; path = TextFieldTag.swift; sourceTree = "<group>"; };
		4E7FAD112610D50700763F99 /* SysNavTag.swift */ = {isa = PBXFileReference; fileEncoding = 4; lastKnownFileType = sourcecode.swift; path = SysNavTag.swift; sourceTree = "<group>"; };
		4E7FAD122610D50700763F99 /* FormTextTag.swift */ = {isa = PBXFileReference; fileEncoding = 4; lastKnownFileType = sourcecode.swift; path = FormTextTag.swift; sourceTree = "<group>"; };
		4E7FAD132610D50700763F99 /* BreadcrumbTag.swift */ = {isa = PBXFileReference; fileEncoding = 4; lastKnownFileType = sourcecode.swift; path = BreadcrumbTag.swift; sourceTree = "<group>"; };
		4E7FAD142610D50700763F99 /* FormTextAreaTag.swift */ = {isa = PBXFileReference; fileEncoding = 4; lastKnownFileType = sourcecode.swift; path = FormTextAreaTag.swift; sourceTree = "<group>"; };
		4E7FAD152610D50700763F99 /* ContentTag.swift */ = {isa = PBXFileReference; fileEncoding = 4; lastKnownFileType = sourcecode.swift; path = ContentTag.swift; sourceTree = "<group>"; };
		4E7FAD162610D50700763F99 /* ContentTreeTag.swift */ = {isa = PBXFileReference; fileEncoding = 4; lastKnownFileType = sourcecode.swift; path = ContentTreeTag.swift; sourceTree = "<group>"; };
		4E7FAD172610D50700763F99 /* GroupListTag.swift */ = {isa = PBXFileReference; fileEncoding = 4; lastKnownFileType = sourcecode.swift; path = GroupListTag.swift; sourceTree = "<group>"; };
		4E7FAD182610D50700763F99 /* HtmlFieldTag.swift */ = {isa = PBXFileReference; fileEncoding = 4; lastKnownFileType = sourcecode.swift; path = HtmlFieldTag.swift; sourceTree = "<group>"; };
		4E7FAD192610D50700763F99 /* CkTreeTag.swift */ = {isa = PBXFileReference; fileEncoding = 4; lastKnownFileType = sourcecode.swift; path = CkTreeTag.swift; sourceTree = "<group>"; };
		4E7FAD1A2610D50700763F99 /* IncludeTag.swift */ = {isa = PBXFileReference; fileEncoding = 4; lastKnownFileType = sourcecode.swift; path = IncludeTag.swift; sourceTree = "<group>"; };
		4E7FAD1B2610D50700763F99 /* TagType.swift */ = {isa = PBXFileReference; fileEncoding = 4; lastKnownFileType = sourcecode.swift; path = TagType.swift; sourceTree = "<group>"; };
		4E7FAD1C2610D50700763F99 /* FormTag.swift */ = {isa = PBXFileReference; fileEncoding = 4; lastKnownFileType = sourcecode.swift; path = FormTag.swift; sourceTree = "<group>"; };
		4E7FAD1D2610D50700763F99 /* FormFileTag.swift */ = {isa = PBXFileReference; fileEncoding = 4; lastKnownFileType = sourcecode.swift; path = FormFileTag.swift; sourceTree = "<group>"; };
		4E7FAD1E2610D50700763F99 /* FormCheckTag.swift */ = {isa = PBXFileReference; fileEncoding = 4; lastKnownFileType = sourcecode.swift; path = FormCheckTag.swift; sourceTree = "<group>"; };
		4E7FAD202610D50700763F99 /* Date.swift */ = {isa = PBXFileReference; fileEncoding = 4; lastKnownFileType = sourcecode.swift; path = Date.swift; sourceTree = "<group>"; };
		4E7FAD212610D50700763F99 /* Array.swift */ = {isa = PBXFileReference; fileEncoding = 4; lastKnownFileType = sourcecode.swift; path = Array.swift; sourceTree = "<group>"; };
		4E7FAD222610D50700763F99 /* Log.swift */ = {isa = PBXFileReference; fileEncoding = 4; lastKnownFileType = sourcecode.swift; path = Log.swift; sourceTree = "<group>"; };
		4E7FAD232610D50700763F99 /* Files.swift */ = {isa = PBXFileReference; fileEncoding = 4; lastKnownFileType = sourcecode.swift; path = Files.swift; sourceTree = "<group>"; };
		4E7FAD252610D50700763F99 /* LogLevel.swift */ = {isa = PBXFileReference; fileEncoding = 4; lastKnownFileType = sourcecode.swift; path = LogLevel.swift; sourceTree = "<group>"; };
		4E7FAD272610D50700763F99 /* Codable.swift */ = {isa = PBXFileReference; fileEncoding = 4; lastKnownFileType = sourcecode.swift; path = Codable.swift; sourceTree = "<group>"; };
		4E7FAD282610D50700763F99 /* NSImage.swift */ = {isa = PBXFileReference; fileEncoding = 4; lastKnownFileType = sourcecode.swift; path = NSImage.swift; sourceTree = "<group>"; };
		4E7FAD292610D50700763F99 /* Dictionary.swift */ = {isa = PBXFileReference; fileEncoding = 4; lastKnownFileType = sourcecode.swift; path = Dictionary.swift; sourceTree = "<group>"; };
		4E7FAD2A2610D50700763F99 /* String.swift */ = {isa = PBXFileReference; fileEncoding = 4; lastKnownFileType = sourcecode.swift; path = String.swift; sourceTree = "<group>"; };
		4E7FAD2B2610D50700763F99 /* MimeTypes.swift */ = {isa = PBXFileReference; fileEncoding = 4; lastKnownFileType = sourcecode.swift; path = MimeTypes.swift; sourceTree = "<group>"; };
		4E7FAD2D2610D50700763F99 /* Right.swift */ = {isa = PBXFileReference; fileEncoding = 4; lastKnownFileType = sourcecode.swift; path = Right.swift; sourceTree = "<group>"; };
		4E7FAD2E2610D50700763F99 /* SystemZone.swift */ = {isa = PBXFileReference; fileEncoding = 4; lastKnownFileType = sourcecode.swift; path = SystemZone.swift; sourceTree = "<group>"; };
		4E7FAD302610D50700763F99 /* RegularAction.swift */ = {isa = PBXFileReference; fileEncoding = 4; lastKnownFileType = sourcecode.swift; path = RegularAction.swift; sourceTree = "<group>"; };
		4E7FAD312610D50700763F99 /* ActionQueue.swift */ = {isa = PBXFileReference; fileEncoding = 4; lastKnownFileType = sourcecode.swift; path = ActionQueue.swift; sourceTree = "<group>"; };
		4E7FAD322610D50700763F99 /* CleanupAction.swift */ = {isa = PBXFileReference; fileEncoding = 4; lastKnownFileType = sourcecode.swift; path = CleanupAction.swift; sourceTree = "<group>"; };
		4E7FAD332610D50700763F99 /* CheckDataAction.swift */ = {isa = PBXFileReference; fileEncoding = 4; lastKnownFileType = sourcecode.swift; path = CheckDataAction.swift; sourceTree = "<group>"; };
		4E7FAD342610D50700763F99 /* QueuedAction.swift */ = {isa = PBXFileReference; fileEncoding = 4; lastKnownFileType = sourcecode.swift; path = QueuedAction.swift; sourceTree = "<group>"; };
/* End PBXFileReference section */

/* Begin PBXFrameworksBuildPhase section */
		4E7FAC882610D35100763F99 /* Frameworks */ = {
			isa = PBXFrameworksBuildPhase;
			buildActionMask = 2147483647;
			files = (
			);
			runOnlyForDeploymentPostprocessing = 0;
		};
/* End PBXFrameworksBuildPhase section */

/* Begin PBXGroup section */
		4E7FAC822610D35100763F99 = {
			isa = PBXGroup;
			children = (
				4E7FAC9E2610D4C900763F99 /* defaultContent */,
				4E7FACA02610D4C900763F99 /* defaultLayout */,
				4E7FAC9F2610D4C900763F99 /* defaultTemplates */,
				4E7FAC9D2610D4C900763F99 /* serverPages */,
				4E7FAC9C2610D4C800763F99 /* web */,
				4E7FAC8D2610D35100763F99 /* SwiftyBandikaCL */,
				4E7FAC8C2610D35100763F99 /* Products */,
			);
			sourceTree = "<group>";
		};
		4E7FAC8C2610D35100763F99 /* Products */ = {
			isa = PBXGroup;
			children = (
				4E7FAC8B2610D35100763F99 /* SwiftyBandikaCL */,
			);
			name = Products;
			sourceTree = "<group>";
		};
		4E7FAC8D2610D35100763F99 /* SwiftyBandikaCL */ = {
			isa = PBXGroup;
			children = (
				4E7FAC8E2610D35100763F99 /* main.swift */,
				4E7FAD2F2610D50700763F99 /* ActionQueue */,
				4E7FACAC2610D50600763F99 /* App */,
				4E7FAD1F2610D50700763F99 /* Common */,
				4E7FACC32610D50700763F99 /* Content */,
				4E7FACA12610D50600763F99 /* Data */,
				4E7FACFF2610D50700763F99 /* de.lproj */,
				4E7FACF62610D50700763F99 /* en.lproj */,
				4E7FAD2C2610D50700763F99 /* Rights */,
				4E7FACE42610D50700763F99 /* Server */,
				4E7FACBB2610D50600763F99 /* ServerPages */,
				4E7FAD022610D50700763F99 /* ServerPageTags */,
				4E7FACF92610D50700763F99 /* Templates */,
				4E7FACB22610D50600763F99 /* User */,
			);
			path = SwiftyBandikaCL;
			sourceTree = "<group>";
		};
		4E7FACA12610D50600763F99 /* Data */ = {
			isa = PBXGroup;
			children = (
				4E7FACA72610D50600763F99 /* BaseData.swift */,
				4E7FACA82610D50600763F99 /* Clipboard.swift */,
				4E7FACA32610D50600763F99 /* DataContainer.swift */,
				4E7FACAA2610D50600763F99 /* DataFactory.swift */,
				4E7FACA22610D50600763F99 /* DiskFile.swift */,
				4E7FACAB2610D50600763F99 /* IdService.swift */,
				4E7FACA42610D50600763F99 /* MemoryFile.swift */,
				4E7FACA62610D50600763F99 /* MimeType.swift */,
				4E7FACA52610D50600763F99 /* Statics.swift */,
				4E7FACA92610D50600763F99 /* TypedData.swift */,
			);
			path = Data;
			sourceTree = "<group>";
		};
		4E7FACAC2610D50600763F99 /* App */ = {
			isa = PBXGroup;
			children = (
				4E7FACAE2610D50600763F99 /* AdminController.swift */,
				4E7FACB02610D50600763F99 /* App.swift */,
				4E7FACB12610D50600763F99 /* Configuration.swift */,
				4E7FACAD2610D50600763F99 /* Paths.swift */,
			);
			path = App;
			sourceTree = "<group>";
		};
		4E7FACB22610D50600763F99 /* User */ = {
			isa = PBXGroup;
			children = (
				4E7FACB82610D50600763F99 /* DefaultUserContainer.swift */,
				4E7FACB42610D50600763F99 /* GroupController.swift */,
				4E7FACB92610D50600763F99 /* GroupData.swift */,
				4E7FACB72610D50600763F99 /* Request+User.swift */,
				4E7FACB52610D50600763F99 /* UserContainer.swift */,
				4E7FACBA2610D50600763F99 /* UserController.swift */,
				4E7FACB62610D50600763F99 /* UserData.swift */,
				4E7FACB32610D50600763F99 /* UserSecurity.swift */,
			);
			path = User;
			sourceTree = "<group>";
		};
		4E7FACBB2610D50600763F99 /* ServerPages */ = {
			isa = PBXGroup;
			children = (
				4E7FACBC2610D50700763F99 /* ParseError.swift */,
				4E7FACBD2610D50700763F99 /* ServerPage.swift */,
				4E7FACC12610D50700763F99 /* ServerPageCode.swift */,
				4E7FACBF2610D50700763F99 /* ServerPageController.swift */,
				4E7FACC22610D50700763F99 /* ServerPageNode.swift */,
				4E7FACC02610D50700763F99 /* ServerPageParser.swift */,
				4E7FACBE2610D50700763F99 /* ServerPageTag.swift */,
			);
			path = ServerPages;
			sourceTree = "<group>";
		};
		4E7FACC32610D50700763F99 /* Content */ = {
			isa = PBXGroup;
			children = (
				4E7FACCD2610D50700763F99 /* CkEditorController.swift */,
				4E7FACE32610D50700763F99 /* ContentArray.swift */,
				4E7FACDD2610D50700763F99 /* ContentContainer.swift */,
				4E7FACCE2610D50700763F99 /* ContentController.swift */,
				4E7FACE22610D50700763F99 /* ContentData.swift */,
				4E7FACCC2610D50700763F99 /* Request+Content.swift */,
				4E7FACC72610D50700763F99 /* ViewType.swift */,
				4E7FACC82610D50700763F99 /* File */,
				4E7FACDE2610D50700763F99 /* FullPage */,
				4E7FACC42610D50700763F99 /* Page */,
				4E7FACCF2610D50700763F99 /* TemplatePage */,
			);
			path = Content;
			sourceTree = "<group>";
		};
		4E7FACC42610D50700763F99 /* Page */ = {
			isa = PBXGroup;
			children = (
				4E7FACC52610D50700763F99 /* PageController.swift */,
				4E7FACC62610D50700763F99 /* PageData.swift */,
			);
			path = Page;
			sourceTree = "<group>";
		};
		4E7FACC82610D50700763F99 /* File */ = {
			isa = PBXGroup;
			children = (
				4E7FACC92610D50700763F99 /* FileData.swift */,
				4E7FACCA2610D50700763F99 /* FileController.swift */,
				4E7FACCB2610D50700763F99 /* FileType.swift */,
			);
			path = File;
			sourceTree = "<group>";
		};
		4E7FACCF2610D50700763F99 /* TemplatePage */ = {
			isa = PBXGroup;
			children = (
				4E7FACD02610D50700763F99 /* SectionData.swift */,
				4E7FACD12610D50700763F99 /* TemplatePartData.swift */,
				4E7FACD22610D50700763F99 /* PartField.swift */,
				4E7FACD32610D50700763F99 /* PartData+Html.swift */,
				4E7FACD42610D50700763F99 /* TemplatePageData.swift */,
				4E7FACD52610D50700763F99 /* PartArray.swift */,
				4E7FACD62610D50700763F99 /* FieldDictionary.swift */,
				4E7FACD72610D50700763F99 /* TextField.swift */,
				4E7FACD82610D50700763F99 /* TemplatePageController.swift */,
				4E7FACD92610D50700763F99 /* PartData.swift */,
				4E7FACDA2610D50700763F99 /* PartType.swift */,
				4E7FACDB2610D50700763F99 /* HtmlField.swift */,
				4E7FACDC2610D50700763F99 /* Request+TemplatePage.swift */,
			);
			path = TemplatePage;
			sourceTree = "<group>";
		};
		4E7FACDE2610D50700763F99 /* FullPage */ = {
			isa = PBXGroup;
			children = (
				4E7FACDF2610D50700763F99 /* FullPageData+Html.swift */,
				4E7FACE02610D50700763F99 /* FullPageData.swift */,
				4E7FACE12610D50700763F99 /* FullPageController.swift */,
			);
			path = FullPage;
			sourceTree = "<group>";
		};
		4E7FACE42610D50700763F99 /* Server */ = {
			isa = PBXGroup;
			children = (
				4E7FACF52610D50700763F99 /* CloseDialogResponse.swift */,
				4E7FACEC2610D50700763F99 /* Controller.swift */,
				4E7FACF32610D50700763F99 /* ControllerFactory.swift */,
				4E7FACF02610D50700763F99 /* FormError.swift */,
				4E7FACE62610D50700763F99 /* ForwardResponse.swift */,
				4E7FACE92610D50700763F99 /* HttpHandler.swift */,
				4E7FACEE2610D50700763F99 /* HttpServer.swift */,
				4E7FACEB2610D50700763F99 /* Message.swift */,
				4E7FACF42610D50700763F99 /* MessageType.swift */,
				4E7FACF12610D50700763F99 /* Request.swift */,
				4E7FACED2610D50700763F99 /* Request+Handler.swift */,
				4E7FACEA2610D50700763F99 /* Request+Multipart.swift */,
				4E7FACEF2610D50700763F99 /* Response.swift */,
				4E7FACF22610D50700763F99 /* Router.swift */,
				4E7FACE72610D50700763F99 /* Session.swift */,
				4E7FACE82610D50700763F99 /* SessionCache.swift */,
				4E7FACE52610D50700763F99 /* StaticFileController.swift */,
			);
			path = Server;
			sourceTree = "<group>";
		};
		4E7FACF62610D50700763F99 /* en.lproj */ = {
			isa = PBXGroup;
			children = (
				4E7FACF72610D50700763F99 /* Localizable.strings */,
			);
			path = en.lproj;
			sourceTree = "<group>";
		};
		4E7FACF92610D50700763F99 /* Templates */ = {
			isa = PBXGroup;
			children = (
				4E7FACFD2610D50700763F99 /* DefaultTemplates.swift */,
				4E7FACFE2610D50700763F99 /* Template.swift */,
				4E7FACFB2610D50700763F99 /* TemplateCache.swift */,
				4E7FACFA2610D50700763F99 /* TemplateController.swift */,
				4E7FACFC2610D50700763F99 /* TemplateType.swift */,
			);
			path = Templates;
			sourceTree = "<group>";
		};
		4E7FACFF2610D50700763F99 /* de.lproj */ = {
			isa = PBXGroup;
			children = (
				4E7FAD002610D50700763F99 /* Localizable.strings */,
			);
			path = de.lproj;
			sourceTree = "<group>";
		};
		4E7FAD022610D50700763F99 /* ServerPageTags */ = {
			isa = PBXGroup;
			children = (
				4E7FAD132610D50700763F99 /* BreadcrumbTag.swift */,
				4E7FAD192610D50700763F99 /* CkTreeTag.swift */,
				4E7FAD152610D50700763F99 /* ContentTag.swift */,
				4E7FAD162610D50700763F99 /* ContentTreeTag.swift */,
				4E7FAD0D2610D50700763F99 /* FooterTag.swift */,
				4E7FAD1E2610D50700763F99 /* FormCheckTag.swift */,
				4E7FAD062610D50700763F99 /* FormDateTag.swift */,
				4E7FAD042610D50700763F99 /* FormEditorTag.swift */,
				4E7FAD0E2610D50700763F99 /* FormErrorTag.swift */,
				4E7FAD1D2610D50700763F99 /* FormFileTag.swift */,
				4E7FAD032610D50700763F99 /* FormLineTag.swift */,
				4E7FAD0C2610D50700763F99 /* FormPasswordTag.swift */,
				4E7FAD0B2610D50700763F99 /* FormRadioTag.swift */,
				4E7FAD0A2610D50700763F99 /* FormSelectTag.swift */,
				4E7FAD1C2610D50700763F99 /* FormTag.swift */,
				4E7FAD142610D50700763F99 /* FormTextAreaTag.swift */,
				4E7FAD122610D50700763F99 /* FormTextTag.swift */,
				4E7FAD172610D50700763F99 /* GroupListTag.swift */,
				4E7FAD182610D50700763F99 /* HtmlFieldTag.swift */,
				4E7FAD092610D50700763F99 /* IfTag.swift */,
				4E7FAD1A2610D50700763F99 /* IncludeTag.swift */,
				4E7FAD082610D50700763F99 /* MainNavTag.swift */,
				4E7FAD072610D50700763F99 /* MessageTag.swift */,
				4E7FAD052610D50700763F99 /* SectionTag.swift */,
				4E7FAD112610D50700763F99 /* SysNavTag.swift */,
				4E7FAD1B2610D50700763F99 /* TagType.swift */,
				4E7FAD102610D50700763F99 /* TextFieldTag.swift */,
				4E7FAD0F2610D50700763F99 /* UserListTag.swift */,
			);
			path = ServerPageTags;
			sourceTree = "<group>";
		};
		4E7FAD1F2610D50700763F99 /* Common */ = {
			isa = PBXGroup;
			children = (
				4E7FAD212610D50700763F99 /* Array.swift */,
				4E7FAD272610D50700763F99 /* Codable.swift */,
				4E7FAD202610D50700763F99 /* Date.swift */,
				4E7FAD292610D50700763F99 /* Dictionary.swift */,
				4E7FAD232610D50700763F99 /* Files.swift */,
				4E7FAD222610D50700763F99 /* Log.swift */,
				4E7FAD252610D50700763F99 /* LogLevel.swift */,
				4E7FAD2B2610D50700763F99 /* MimeTypes.swift */,
				4E7FAD282610D50700763F99 /* NSImage.swift */,
				4E7FAD2A2610D50700763F99 /* String.swift */,
				3324D97E986A2A98D7832025 /* HtmlFormatter.swift */,
				3324DDC78CC970ACAC3A75EF /* StringProtocol.swift */,
				3324D032D909E7C669C3DB4C /* Localizer.swift */,
			);
			path = Common;
			sourceTree = "<group>";
		};
		4E7FAD2C2610D50700763F99 /* Rights */ = {
			isa = PBXGroup;
			children = (
				4E7FAD2D2610D50700763F99 /* Right.swift */,
				4E7FAD2E2610D50700763F99 /* SystemZone.swift */,
			);
			path = Rights;
			sourceTree = "<group>";
		};
		4E7FAD2F2610D50700763F99 /* ActionQueue */ = {
			isa = PBXGroup;
			children = (
				4E7FAD312610D50700763F99 /* ActionQueue.swift */,
				4E7FAD332610D50700763F99 /* CheckDataAction.swift */,
				4E7FAD322610D50700763F99 /* CleanupAction.swift */,
				4E7FAD342610D50700763F99 /* QueuedAction.swift */,
				4E7FAD302610D50700763F99 /* RegularAction.swift */,
			);
			path = ActionQueue;
			sourceTree = "<group>";
		};
/* End PBXGroup section */

/* Begin PBXNativeTarget section */
		4E7FAC8A2610D35100763F99 /* SwiftyBandikaCL */ = {
			isa = PBXNativeTarget;
			buildConfigurationList = 4E7FAC922610D35100763F99 /* Build configuration list for PBXNativeTarget "SwiftyBandikaCL" */;
			buildPhases = (
				4E7FAC872610D35100763F99 /* Sources */,
				4E7FAC882610D35100763F99 /* Frameworks */,
				4E7FAC892610D35100763F99 /* CopyFiles */,
			);
			buildRules = (
			);
			dependencies = (
			);
			name = SwiftyBandikaCL;
			packageProductDependencies = (
				4E7FAC972610D45300763F99,
				4E7FAC992610D45300763F99,
			);
			productName = SwiftyBandikaCL;
			productReference = 4E7FAC8B2610D35100763F99 /* SwiftyBandikaCL */;
			productType = "com.apple.product-type.tool";
		};
/* End PBXNativeTarget section */

/* Begin PBXProject section */
		4E7FAC832610D35100763F99 /* Project object */ = {
			isa = PBXProject;
			attributes = {
				LastSwiftUpdateCheck = 1240;
				LastUpgradeCheck = 1240;
				TargetAttributes = {
					4E7FAC8A2610D35100763F99 = {
						CreatedOnToolsVersion = 12.4;
					};
				};
			};
			buildConfigurationList = 4E7FAC862610D35100763F99 /* Build configuration list for PBXProject "SwiftyBandikaCL" */;
			compatibilityVersion = "Xcode 9.3";
			developmentRegion = en;
			hasScannedForEncodings = 0;
			knownRegions = (
				en,
				Base,
				de,
			);
			mainGroup = 4E7FAC822610D35100763F99;
			packageReferences = (
				4E7FAC962610D45300763F99,
			);
			productRefGroup = 4E7FAC8C2610D35100763F99 /* Products */;
			projectDirPath = "";
			projectRoot = "";
			targets = (
				4E7FAC8A2610D35100763F99 /* SwiftyBandikaCL */,
			);
		};
/* End PBXProject section */

/* Begin PBXSourcesBuildPhase section */
		4E7FAC872610D35100763F99 /* Sources */ = {
			isa = PBXSourcesBuildPhase;
			buildActionMask = 2147483647;
			files = (
				4E7FAD3A2610D50700763F99 /* BaseData.swift in Sources */,
				4E7FAD5A2610D50700763F99 /* CkEditorController.swift in Sources */,
				4E7FAD372610D50700763F99 /* MemoryFile.swift in Sources */,
				4E7FAD962610D50700763F99 /* FormTextAreaTag.swift in Sources */,
				4E7FAD6D2610D50700763F99 /* ContentData.swift in Sources */,
				4E7FAD6C2610D50700763F99 /* FullPageController.swift in Sources */,
				4E7FAD8E2610D50700763F99 /* FormPasswordTag.swift in Sources */,
				4E7FAD822610D50700763F99 /* TemplateType.swift in Sources */,
				4E7FAD9E2610D50700763F99 /* FormTag.swift in Sources */,
				4E7FAD632610D50700763F99 /* TextField.swift in Sources */,
				4E7FAD3B2610D50700763F99 /* Clipboard.swift in Sources */,
				4E7FAD572610D50700763F99 /* FileController.swift in Sources */,
				4E7FAD932610D50700763F99 /* SysNavTag.swift in Sources */,
				4E7FAD422610D50700763F99 /* App.swift in Sources */,
				4E7FAD722610D50700763F99 /* SessionCache.swift in Sources */,
				4E7FAD952610D50700763F99 /* BreadcrumbTag.swift in Sources */,
				4E7FAD8A2610D50700763F99 /* MainNavTag.swift in Sources */,
				4E7FAD732610D50700763F99 /* HttpHandler.swift in Sources */,
				4E7FAD6F2610D50700763F99 /* StaticFileController.swift in Sources */,
				4E7FAD972610D50700763F99 /* ContentTag.swift in Sources */,
				4E7FAD352610D50700763F99 /* DiskFile.swift in Sources */,
				4E7FADA32610D50700763F99 /* Log.swift in Sources */,
				4E7FAD882610D50700763F99 /* FormDateTag.swift in Sources */,
				4E7FAD662610D50700763F99 /* PartType.swift in Sources */,
				4E7FADA02610D50700763F99 /* FormCheckTag.swift in Sources */,
				4E7FAD5D2610D50700763F99 /* TemplatePartData.swift in Sources */,
				4E7FAD8C2610D50700763F99 /* FormSelectTag.swift in Sources */,
				4E7FAD7A2610D50700763F99 /* FormError.swift in Sources */,
				4E7FAD432610D50700763F99 /* Configuration.swift in Sources */,
				4E7FAD612610D50700763F99 /* PartArray.swift in Sources */,
				4E7FAD9B2610D50700763F99 /* CkTreeTag.swift in Sources */,
				4E7FAD542610D50700763F99 /* PageData.swift in Sources */,
				4E7FAD4E2610D50700763F99 /* ServerPageTag.swift in Sources */,
				4E7FAD6B2610D50700763F99 /* FullPageData.swift in Sources */,
				4E7FAD582610D50700763F99 /* FileType.swift in Sources */,
				4E7FAD942610D50700763F99 /* FormTextTag.swift in Sources */,
				4E7FAD862610D50700763F99 /* FormEditorTag.swift in Sources */,
				4E7FAD8D2610D50700763F99 /* FormRadioTag.swift in Sources */,
				4E7FAD602610D50700763F99 /* TemplatePageData.swift in Sources */,
				4E7FAD3C2610D50700763F99 /* TypedData.swift in Sources */,
				4E7FAD7B2610D50700763F99 /* Request.swift in Sources */,
				4E7FADA12610D50700763F99 /* Date.swift in Sources */,
				4E7FAD9F2610D50700763F99 /* FormFileTag.swift in Sources */,
				4E7FAD4F2610D50700763F99 /* ServerPageController.swift in Sources */,
				4E7FAD502610D50700763F99 /* ServerPageParser.swift in Sources */,
				4E7FADB12610D50700763F99 /* CleanupAction.swift in Sources */,
				4E7FAD922610D50700763F99 /* TextFieldTag.swift in Sources */,
				4E7FAD382610D50700763F99 /* Statics.swift in Sources */,
				4E7FADAD2610D50700763F99 /* Right.swift in Sources */,
				4E7FAD622610D50700763F99 /* FieldDictionary.swift in Sources */,
				4E7FAD592610D50700763F99 /* Request+Content.swift in Sources */,
				4E7FADB32610D50700763F99 /* QueuedAction.swift in Sources */,
				4E7FAD652610D50700763F99 /* PartData.swift in Sources */,
				4E7FAD5C2610D50700763F99 /* SectionData.swift in Sources */,
				4E7FAD6E2610D50700763F99 /* ContentArray.swift in Sources */,
				4E7FAD3F2610D50700763F99 /* Paths.swift in Sources */,
				4E7FADB22610D50700763F99 /* CheckDataAction.swift in Sources */,
				4E7FAD682610D50700763F99 /* Request+TemplatePage.swift in Sources */,
				4E7FAD792610D50700763F99 /* Response.swift in Sources */,
				4E7FAD562610D50700763F99 /* FileData.swift in Sources */,
				4E7FADA42610D50700763F99 /* Files.swift in Sources */,
				4E7FAD802610D50700763F99 /* TemplateController.swift in Sources */,
				4E7FAD742610D50700763F99 /* Request+Multipart.swift in Sources */,
				4E7FAD3D2610D50700763F99 /* DataFactory.swift in Sources */,
				4E7FADAE2610D50700763F99 /* SystemZone.swift in Sources */,
				4E7FAD7D2610D50700763F99 /* ControllerFactory.swift in Sources */,
				4E7FAD7F2610D50700763F99 /* CloseDialogResponse.swift in Sources */,
				4E7FAD4D2610D50700763F99 /* ServerPage.swift in Sources */,
				4E7FAD552610D50700763F99 /* ViewType.swift in Sources */,
				4E7FAD752610D50700763F99 /* Message.swift in Sources */,
				4E7FAD452610D50700763F99 /* GroupController.swift in Sources */,
				4E7FAD532610D50700763F99 /* PageController.swift in Sources */,
				4E7FAD642610D50700763F99 /* TemplatePageController.swift in Sources */,
				4E7FAC8F2610D35100763F99 /* main.swift in Sources */,
				4E7FAD812610D50700763F99 /* TemplateCache.swift in Sources */,
				4E7FAD462610D50700763F99 /* UserContainer.swift in Sources */,
				4E7FAD902610D50700763F99 /* FormErrorTag.swift in Sources */,
				4E7FAD672610D50700763F99 /* HtmlField.swift in Sources */,
				4E7FAD912610D50700763F99 /* UserListTag.swift in Sources */,
				4E7FAD692610D50700763F99 /* ContentContainer.swift in Sources */,
				4E7FAD4C2610D50700763F99 /* ParseError.swift in Sources */,
				4E7FAD6A2610D50700763F99 /* FullPageData+Html.swift in Sources */,
				4E7FAD842610D50700763F99 /* Template.swift in Sources */,
				4E7FAD522610D50700763F99 /* ServerPageNode.swift in Sources */,
				4E7FAD782610D50700763F99 /* HttpServer.swift in Sources */,
				4E7FAD9A2610D50700763F99 /* HtmlFieldTag.swift in Sources */,
				4E7FAD3E2610D50700763F99 /* IdService.swift in Sources */,
				4E7FAD982610D50700763F99 /* ContentTreeTag.swift in Sources */,
				4E7FAD5F2610D50700763F99 /* PartData+Html.swift in Sources */,
				4E7FAD892610D50700763F99 /* MessageTag.swift in Sources */,
				4E7FAD362610D50700763F99 /* DataContainer.swift in Sources */,
				4E7FAD482610D50700763F99 /* Request+User.swift in Sources */,
				4E7FADB02610D50700763F99 /* ActionQueue.swift in Sources */,
				4E7FAD772610D50700763F99 /* Request+Handler.swift in Sources */,
				4E7FAD712610D50700763F99 /* Session.swift in Sources */,
				4E7FAD4A2610D50700763F99 /* GroupData.swift in Sources */,
				4E7FAD4B2610D50700763F99 /* UserController.swift in Sources */,
				4E7FAD992610D50700763F99 /* GroupListTag.swift in Sources */,
				4E7FAD7E2610D50700763F99 /* MessageType.swift in Sources */,
				4E7FAD8B2610D50700763F99 /* IfTag.swift in Sources */,
				4E7FADA22610D50700763F99 /* Array.swift in Sources */,
				4E7FAD5B2610D50700763F99 /* ContentController.swift in Sources */,
				4E7FADA62610D50700763F99 /* LogLevel.swift in Sources */,
				4E7FAD832610D50700763F99 /* DefaultTemplates.swift in Sources */,
				4E7FAD392610D50700763F99 /* MimeType.swift in Sources */,
				4E7FADAB2610D50700763F99 /* String.swift in Sources */,
				4E7FAD9D2610D50700763F99 /* TagType.swift in Sources */,
				4E7FAD5E2610D50700763F99 /* PartField.swift in Sources */,
				4E7FADAC2610D50700763F99 /* MimeTypes.swift in Sources */,
				4E7FAD492610D50700763F99 /* DefaultUserContainer.swift in Sources */,
				4E7FAD442610D50700763F99 /* UserSecurity.swift in Sources */,
				4E7FAD872610D50700763F99 /* SectionTag.swift in Sources */,
				4E7FAD702610D50700763F99 /* ForwardResponse.swift in Sources */,
				4E7FAD8F2610D50700763F99 /* FooterTag.swift in Sources */,
				4E7FAD7C2610D50700763F99 /* Router.swift in Sources */,
				4E7FADA92610D50700763F99 /* NSImage.swift in Sources */,
				4E7FAD762610D50700763F99 /* Controller.swift in Sources */,
				4E7FAD852610D50700763F99 /* FormLineTag.swift in Sources */,
				4E7FAD472610D50700763F99 /* UserData.swift in Sources */,
				4E7FADA82610D50700763F99 /* Codable.swift in Sources */,
				4E7FAD512610D50700763F99 /* ServerPageCode.swift in Sources */,
				4E7FADAA2610D50700763F99 /* Dictionary.swift in Sources */,
				4E7FAD402610D50700763F99 /* AdminController.swift in Sources */,
				4E7FADAF2610D50700763F99 /* RegularAction.swift in Sources */,
				4E7FAD9C2610D50700763F99 /* IncludeTag.swift in Sources */,
				3324D5CC71B8626916D25F0E /* HtmlFormatter.swift in Sources */,
				3324D28157EC9A716DD2DE0E /* StringProtocol.swift in Sources */,
				3324D179B08217BE5AEFCC76 /* Localizer.swift in Sources */,
			);
			runOnlyForDeploymentPostprocessing = 0;
		};
/* End PBXSourcesBuildPhase section */

/* Begin PBXVariantGroup section */
		4E7FACF72610D50700763F99 /* Localizable.strings */ = {
			isa = PBXVariantGroup;
			children = (
				4E7FACF82610D50700763F99 /* en */,
			);
			name = Localizable.strings;
			sourceTree = "<group>";
		};
		4E7FAD002610D50700763F99 /* Localizable.strings */ = {
			isa = PBXVariantGroup;
			children = (
				4E7FAD012610D50700763F99 /* de */,
			);
			name = Localizable.strings;
			sourceTree = "<group>";
		};
/* End PBXVariantGroup section */

/* Begin XCBuildConfiguration section */
		4E7FAC902610D35100763F99 /* Debug */ = {
			isa = XCBuildConfiguration;
			buildSettings = {
				ALWAYS_SEARCH_USER_PATHS = NO;
				CLANG_ANALYZER_NONNULL = YES;
				CLANG_ANALYZER_NUMBER_OBJECT_CONVERSION = YES_AGGRESSIVE;
				CLANG_CXX_LANGUAGE_STANDARD = "gnu++14";
				CLANG_CXX_LIBRARY = "libc++";
				CLANG_ENABLE_MODULES = YES;
				CLANG_ENABLE_OBJC_ARC = YES;
				CLANG_ENABLE_OBJC_WEAK = YES;
				CLANG_WARN_BLOCK_CAPTURE_AUTORELEASING = YES;
				CLANG_WARN_BOOL_CONVERSION = YES;
				CLANG_WARN_COMMA = YES;
				CLANG_WARN_CONSTANT_CONVERSION = YES;
				CLANG_WARN_DEPRECATED_OBJC_IMPLEMENTATIONS = YES;
				CLANG_WARN_DIRECT_OBJC_ISA_USAGE = YES_ERROR;
				CLANG_WARN_DOCUMENTATION_COMMENTS = YES;
				CLANG_WARN_EMPTY_BODY = YES;
				CLANG_WARN_ENUM_CONVERSION = YES;
				CLANG_WARN_INFINITE_RECURSION = YES;
				CLANG_WARN_INT_CONVERSION = YES;
				CLANG_WARN_NON_LITERAL_NULL_CONVERSION = YES;
				CLANG_WARN_OBJC_IMPLICIT_RETAIN_SELF = YES;
				CLANG_WARN_OBJC_LITERAL_CONVERSION = YES;
				CLANG_WARN_OBJC_ROOT_CLASS = YES_ERROR;
				CLANG_WARN_QUOTED_INCLUDE_IN_FRAMEWORK_HEADER = YES;
				CLANG_WARN_RANGE_LOOP_ANALYSIS = YES;
				CLANG_WARN_STRICT_PROTOTYPES = YES;
				CLANG_WARN_SUSPICIOUS_MOVE = YES;
				CLANG_WARN_UNGUARDED_AVAILABILITY = YES_AGGRESSIVE;
				CLANG_WARN_UNREACHABLE_CODE = YES;
				CLANG_WARN__DUPLICATE_METHOD_MATCH = YES;
				COPY_PHASE_STRIP = NO;
				DEBUG_INFORMATION_FORMAT = dwarf;
				ENABLE_STRICT_OBJC_MSGSEND = YES;
				ENABLE_TESTABILITY = YES;
				GCC_C_LANGUAGE_STANDARD = gnu11;
				GCC_DYNAMIC_NO_PIC = NO;
				GCC_NO_COMMON_BLOCKS = YES;
				GCC_OPTIMIZATION_LEVEL = 0;
				GCC_PREPROCESSOR_DEFINITIONS = (
					"DEBUG=1",
					"$(inherited)",
				);
				GCC_WARN_64_TO_32_BIT_CONVERSION = YES;
				GCC_WARN_ABOUT_RETURN_TYPE = YES_ERROR;
				GCC_WARN_UNDECLARED_SELECTOR = YES;
				GCC_WARN_UNINITIALIZED_AUTOS = YES_AGGRESSIVE;
				GCC_WARN_UNUSED_FUNCTION = YES;
				GCC_WARN_UNUSED_VARIABLE = YES;
				MACOSX_DEPLOYMENT_TARGET = 11.1;
				MTL_ENABLE_DEBUG_INFO = INCLUDE_SOURCE;
				MTL_FAST_MATH = YES;
				ONLY_ACTIVE_ARCH = YES;
				SDKROOT = macosx;
				SWIFT_ACTIVE_COMPILATION_CONDITIONS = DEBUG;
				SWIFT_OPTIMIZATION_LEVEL = "-Onone";
			};
			name = Debug;
		};
		4E7FAC912610D35100763F99 /* Release */ = {
			isa = XCBuildConfiguration;
			buildSettings = {
				ALWAYS_SEARCH_USER_PATHS = NO;
				CLANG_ANALYZER_NONNULL = YES;
				CLANG_ANALYZER_NUMBER_OBJECT_CONVERSION = YES_AGGRESSIVE;
				CLANG_CXX_LANGUAGE_STANDARD = "gnu++14";
				CLANG_CXX_LIBRARY = "libc++";
				CLANG_ENABLE_MODULES = YES;
				CLANG_ENABLE_OBJC_ARC = YES;
				CLANG_ENABLE_OBJC_WEAK = YES;
				CLANG_WARN_BLOCK_CAPTURE_AUTORELEASING = YES;
				CLANG_WARN_BOOL_CONVERSION = YES;
				CLANG_WARN_COMMA = YES;
				CLANG_WARN_CONSTANT_CONVERSION = YES;
				CLANG_WARN_DEPRECATED_OBJC_IMPLEMENTATIONS = YES;
				CLANG_WARN_DIRECT_OBJC_ISA_USAGE = YES_ERROR;
				CLANG_WARN_DOCUMENTATION_COMMENTS = YES;
				CLANG_WARN_EMPTY_BODY = YES;
				CLANG_WARN_ENUM_CONVERSION = YES;
				CLANG_WARN_INFINITE_RECURSION = YES;
				CLANG_WARN_INT_CONVERSION = YES;
				CLANG_WARN_NON_LITERAL_NULL_CONVERSION = YES;
				CLANG_WARN_OBJC_IMPLICIT_RETAIN_SELF = YES;
				CLANG_WARN_OBJC_LITERAL_CONVERSION = YES;
				CLANG_WARN_OBJC_ROOT_CLASS = YES_ERROR;
				CLANG_WARN_QUOTED_INCLUDE_IN_FRAMEWORK_HEADER = YES;
				CLANG_WARN_RANGE_LOOP_ANALYSIS = YES;
				CLANG_WARN_STRICT_PROTOTYPES = YES;
				CLANG_WARN_SUSPICIOUS_MOVE = YES;
				CLANG_WARN_UNGUARDED_AVAILABILITY = YES_AGGRESSIVE;
				CLANG_WARN_UNREACHABLE_CODE = YES;
				CLANG_WARN__DUPLICATE_METHOD_MATCH = YES;
				COPY_PHASE_STRIP = NO;
				DEBUG_INFORMATION_FORMAT = "dwarf-with-dsym";
				ENABLE_NS_ASSERTIONS = NO;
				ENABLE_STRICT_OBJC_MSGSEND = YES;
				GCC_C_LANGUAGE_STANDARD = gnu11;
				GCC_NO_COMMON_BLOCKS = YES;
				GCC_WARN_64_TO_32_BIT_CONVERSION = YES;
				GCC_WARN_ABOUT_RETURN_TYPE = YES_ERROR;
				GCC_WARN_UNDECLARED_SELECTOR = YES;
				GCC_WARN_UNINITIALIZED_AUTOS = YES_AGGRESSIVE;
				GCC_WARN_UNUSED_FUNCTION = YES;
				GCC_WARN_UNUSED_VARIABLE = YES;
				MACOSX_DEPLOYMENT_TARGET = 11.1;
				MTL_ENABLE_DEBUG_INFO = NO;
				MTL_FAST_MATH = YES;
				SDKROOT = macosx;
				SWIFT_COMPILATION_MODE = wholemodule;
				SWIFT_OPTIMIZATION_LEVEL = "-O";
			};
			name = Release;
		};
		4E7FAC932610D35100763F99 /* Debug */ = {
			isa = XCBuildConfiguration;
			buildSettings = {
				CODE_SIGN_STYLE = Automatic;
				DEVELOPMENT_TEAM = 5UG99476V8;
				ENABLE_HARDENED_RUNTIME = YES;
				PRODUCT_NAME = "$(TARGET_NAME)";
				SWIFT_VERSION = 5.0;
			};
			name = Debug;
		};
		4E7FAC942610D35100763F99 /* Release */ = {
			isa = XCBuildConfiguration;
			buildSettings = {
				CODE_SIGN_STYLE = Automatic;
				DEVELOPMENT_TEAM = 5UG99476V8;
				ENABLE_HARDENED_RUNTIME = YES;
				PRODUCT_NAME = "$(TARGET_NAME)";
				SWIFT_VERSION = 5.0;
			};
			name = Release;
		};
/* End XCBuildConfiguration section */

/* Begin XCConfigurationList section */
		4E7FAC862610D35100763F99 /* Build configuration list for PBXProject "SwiftyBandikaCL" */ = {
			isa = XCConfigurationList;
			buildConfigurations = (
				4E7FAC902610D35100763F99 /* Debug */,
				4E7FAC912610D35100763F99 /* Release */,
			);
			defaultConfigurationIsVisible = 0;
			defaultConfigurationName = Release;
		};
		4E7FAC922610D35100763F99 /* Build configuration list for PBXNativeTarget "SwiftyBandikaCL" */ = {
			isa = XCConfigurationList;
			buildConfigurations = (
				4E7FAC932610D35100763F99 /* Debug */,
				4E7FAC942610D35100763F99 /* Release */,
			);
			defaultConfigurationIsVisible = 0;
			defaultConfigurationName = Release;
		};
/* End XCConfigurationList section */

/* Begin XCRemoteSwiftPackageReference section */
		4E7FAC962610D45300763F99 = {
			isa = XCRemoteSwiftPackageReference;
			repositoryURL = "https://github.com/apple/swift-nio";
			requirement = {
				kind = upToNextMajorVersion;
				minimumVersion = 2.27.0;
			};
		};
/* End XCRemoteSwiftPackageReference section */

/* Begin XCSwiftPackageProductDependency section */
		4E7FAC972610D45300763F99 = {
			isa = XCSwiftPackageProductDependency;
			package = 4E7FAC962610D45300763F99;
			productName = NIOHTTP1;
		};
		4E7FAC992610D45300763F99 = {
			isa = XCSwiftPackageProductDependency;
			package = 4E7FAC962610D45300763F99;
			productName = NIO;
		};
/* End XCSwiftPackageProductDependency section */
	};
	rootObject = 4E7FAC832610D35100763F99 /* Project object */;
}
